
Microsoft Visual Studio Solution File, Format Version 12.00
# Visual Studio Version 17
VisualStudioVersion = 17.9.34723.18
MinimumVisualStudioVersion = 10.0.40219.1
Project("{FAE04EC0-301F-11D3-BF4B-00C04F79EFBC}") = "Alarm", "Alarm.csproj", "{B87C92E3-D453-4694-B555-5E9C76A98E57}"
EndProject
Global
	GlobalSection(SolutionConfigurationPlatforms) = preSolution
		Debug|Any CPU = Debug|Any CPU
		Release|Any CPU = Release|Any CPU
	EndGlobalSection
	GlobalSection(ProjectConfigurationPlatforms) = postSolution
		{B87C92E3-D453-4694-B555-5E9C76A98E57}.Debug|Any CPU.ActiveCfg = Debug|Any CPU
		{B87C92E3-D453-4694-B555-5E9C76A98E57}.Debug|Any CPU.Build.0 = Debug|Any CPU
		{B87C92E3-D453-4694-B555-5E9C76A98E57}.Release|Any CPU.ActiveCfg = Release|Any CPU
		{B87C92E3-D453-4694-B555-5E9C76A98E57}.Release|Any CPU.Build.0 = Release|Any CPU
	EndGlobalSection
	GlobalSection(SolutionProperties) = preSolution
		HideSolutionNode = FALSE
	EndGlobalSection
	GlobalSection(ExtensibilityGlobals) = postSolution
		SolutionGuid = {30934331-DFDA-409C-83F6-4EAA90A6A7AA}
	EndGlobalSection
EndGlobal
